// !$*UTF8*$!
{
	archiveVersion = 1;
	classes = {
	};
	objectVersion = 50;
	objects = {

/* Begin PBXBuildFile section */
		B9335FA820C55B6900B67178 /* ConnectionManager.swift in Sources */ = {isa = PBXBuildFile; fileRef = B9335FA720C55B6900B67178 /* ConnectionManager.swift */; };
		B952F60520C1486C008B1BE0 /* AppDelegate.swift in Sources */ = {isa = PBXBuildFile; fileRef = B952F60420C1486C008B1BE0 /* AppDelegate.swift */; };
		B952F60920C1486C008B1BE0 /* ViewController.swift in Sources */ = {isa = PBXBuildFile; fileRef = B952F60820C1486C008B1BE0 /* ViewController.swift */; };
		B952F60C20C1486C008B1BE0 /* Main.storyboard in Resources */ = {isa = PBXBuildFile; fileRef = B952F60A20C1486C008B1BE0 /* Main.storyboard */; };
		B952F60E20C1486E008B1BE0 /* Assets.xcassets in Resources */ = {isa = PBXBuildFile; fileRef = B952F60D20C1486E008B1BE0 /* Assets.xcassets */; };
		B952F61120C1486E008B1BE0 /* LaunchScreen.storyboard in Resources */ = {isa = PBXBuildFile; fileRef = B952F60F20C1486E008B1BE0 /* LaunchScreen.storyboard */; };
		B952F61C20C1486E008B1BE0 /* BulletTimeTests.swift in Sources */ = {isa = PBXBuildFile; fileRef = B952F61B20C1486E008B1BE0 /* BulletTimeTests.swift */; };
		B952F62720C1486F008B1BE0 /* BulletTimeUITests.swift in Sources */ = {isa = PBXBuildFile; fileRef = B952F62620C1486F008B1BE0 /* BulletTimeUITests.swift */; };
		B952F63D20C17E89008B1BE0 /* Utilities.swift in Sources */ = {isa = PBXBuildFile; fileRef = B952F63C20C17E89008B1BE0 /* Utilities.swift */; };
		B952F63F20C181EB008B1BE0 /* FocusSquare.swift in Sources */ = {isa = PBXBuildFile; fileRef = B952F63E20C181EB008B1BE0 /* FocusSquare.swift */; };
		B952F64120C18237008B1BE0 /* FocusSquareSegment.swift in Sources */ = {isa = PBXBuildFile; fileRef = B952F64020C18237008B1BE0 /* FocusSquareSegment.swift */; };
		B952F64420C18876008B1BE0 /* SessionStates.swift in Sources */ = {isa = PBXBuildFile; fileRef = B952F64320C18876008B1BE0 /* SessionStates.swift */; };
		B952F64620C18CAC008B1BE0 /* VirtualPlane.swift in Sources */ = {isa = PBXBuildFile; fileRef = B952F64520C18CAC008B1BE0 /* VirtualPlane.swift */; };
/* End PBXBuildFile section */

/* Begin PBXContainerItemProxy section */
		B952F61820C1486E008B1BE0 /* PBXContainerItemProxy */ = {
			isa = PBXContainerItemProxy;
			containerPortal = B952F5F920C1486C008B1BE0 /* Project object */;
			proxyType = 1;
			remoteGlobalIDString = B952F60020C1486C008B1BE0;
			remoteInfo = BulletTime;
		};
		B952F62320C1486F008B1BE0 /* PBXContainerItemProxy */ = {
			isa = PBXContainerItemProxy;
			containerPortal = B952F5F920C1486C008B1BE0 /* Project object */;
			proxyType = 1;
			remoteGlobalIDString = B952F60020C1486C008B1BE0;
			remoteInfo = BulletTime;
		};
/* End PBXContainerItemProxy section */

/* Begin PBXFileReference section */
		B9335FA720C55B6900B67178 /* ConnectionManager.swift */ = {isa = PBXFileReference; lastKnownFileType = sourcecode.swift; path = ConnectionManager.swift; sourceTree = "<group>"; };
		B952F60120C1486C008B1BE0 /* BulletTime.app */ = {isa = PBXFileReference; explicitFileType = wrapper.application; includeInIndex = 0; path = BulletTime.app; sourceTree = BUILT_PRODUCTS_DIR; };
		B952F60420C1486C008B1BE0 /* AppDelegate.swift */ = {isa = PBXFileReference; lastKnownFileType = sourcecode.swift; path = AppDelegate.swift; sourceTree = "<group>"; };
		B952F60820C1486C008B1BE0 /* ViewController.swift */ = {isa = PBXFileReference; lastKnownFileType = sourcecode.swift; path = ViewController.swift; sourceTree = "<group>"; };
		B952F60B20C1486C008B1BE0 /* Base */ = {isa = PBXFileReference; lastKnownFileType = file.storyboard; name = Base; path = Base.lproj/Main.storyboard; sourceTree = "<group>"; };
		B952F60D20C1486E008B1BE0 /* Assets.xcassets */ = {isa = PBXFileReference; lastKnownFileType = folder.assetcatalog; path = Assets.xcassets; sourceTree = "<group>"; };
		B952F61020C1486E008B1BE0 /* Base */ = {isa = PBXFileReference; lastKnownFileType = file.storyboard; name = Base; path = Base.lproj/LaunchScreen.storyboard; sourceTree = "<group>"; };
		B952F61220C1486E008B1BE0 /* Info.plist */ = {isa = PBXFileReference; lastKnownFileType = text.plist.xml; path = Info.plist; sourceTree = "<group>"; };
		B952F61720C1486E008B1BE0 /* BulletTimeTests.xctest */ = {isa = PBXFileReference; explicitFileType = wrapper.cfbundle; includeInIndex = 0; path = BulletTimeTests.xctest; sourceTree = BUILT_PRODUCTS_DIR; };
		B952F61B20C1486E008B1BE0 /* BulletTimeTests.swift */ = {isa = PBXFileReference; lastKnownFileType = sourcecode.swift; path = BulletTimeTests.swift; sourceTree = "<group>"; };
		B952F61D20C1486E008B1BE0 /* Info.plist */ = {isa = PBXFileReference; lastKnownFileType = text.plist.xml; path = Info.plist; sourceTree = "<group>"; };
		B952F62220C1486F008B1BE0 /* BulletTimeUITests.xctest */ = {isa = PBXFileReference; explicitFileType = wrapper.cfbundle; includeInIndex = 0; path = BulletTimeUITests.xctest; sourceTree = BUILT_PRODUCTS_DIR; };
		B952F62620C1486F008B1BE0 /* BulletTimeUITests.swift */ = {isa = PBXFileReference; lastKnownFileType = sourcecode.swift; path = BulletTimeUITests.swift; sourceTree = "<group>"; };
		B952F62820C1486F008B1BE0 /* Info.plist */ = {isa = PBXFileReference; lastKnownFileType = text.plist.xml; path = Info.plist; sourceTree = "<group>"; };
		B952F63C20C17E89008B1BE0 /* Utilities.swift */ = {isa = PBXFileReference; fileEncoding = 4; lastKnownFileType = sourcecode.swift; path = Utilities.swift; sourceTree = "<group>"; };
		B952F63E20C181EB008B1BE0 /* FocusSquare.swift */ = {isa = PBXFileReference; lastKnownFileType = sourcecode.swift; path = FocusSquare.swift; sourceTree = "<group>"; };
		B952F64020C18237008B1BE0 /* FocusSquareSegment.swift */ = {isa = PBXFileReference; lastKnownFileType = sourcecode.swift; path = FocusSquareSegment.swift; sourceTree = "<group>"; };
		B952F64320C18876008B1BE0 /* SessionStates.swift */ = {isa = PBXFileReference; lastKnownFileType = sourcecode.swift; path = SessionStates.swift; sourceTree = "<group>"; };
		B952F64520C18CAC008B1BE0 /* VirtualPlane.swift */ = {isa = PBXFileReference; lastKnownFileType = sourcecode.swift; path = VirtualPlane.swift; sourceTree = "<group>"; };
/* End PBXFileReference section */

/* Begin PBXFrameworksBuildPhase section */
		B952F5FE20C1486C008B1BE0 /* Frameworks */ = {
			isa = PBXFrameworksBuildPhase;
			buildActionMask = 2147483647;
			files = (
			);
			runOnlyForDeploymentPostprocessing = 0;
		};
		B952F61420C1486E008B1BE0 /* Frameworks */ = {
			isa = PBXFrameworksBuildPhase;
			buildActionMask = 2147483647;
			files = (
			);
			runOnlyForDeploymentPostprocessing = 0;
		};
		B952F61F20C1486F008B1BE0 /* Frameworks */ = {
			isa = PBXFrameworksBuildPhase;
			buildActionMask = 2147483647;
			files = (
			);
			runOnlyForDeploymentPostprocessing = 0;
		};
/* End PBXFrameworksBuildPhase section */

/* Begin PBXGroup section */
		B952F5F820C1486C008B1BE0 = {
			isa = PBXGroup;
			children = (
				B952F60320C1486C008B1BE0 /* BulletTime */,
				B952F61A20C1486E008B1BE0 /* BulletTimeTests */,
				B952F62520C1486F008B1BE0 /* BulletTimeUITests */,
				B952F60220C1486C008B1BE0 /* Products */,
			);
			sourceTree = "<group>";
		};
		B952F60220C1486C008B1BE0 /* Products */ = {
			isa = PBXGroup;
			children = (
				B952F60120C1486C008B1BE0 /* BulletTime.app */,
				B952F61720C1486E008B1BE0 /* BulletTimeTests.xctest */,
				B952F62220C1486F008B1BE0 /* BulletTimeUITests.xctest */,
			);
			name = Products;
			sourceTree = "<group>";
		};
		B952F60320C1486C008B1BE0 /* BulletTime */ = {
			isa = PBXGroup;
			children = (
				B952F60420C1486C008B1BE0 /* AppDelegate.swift */,
				B952F60820C1486C008B1BE0 /* ViewController.swift */,
				B9335FA720C55B6900B67178 /* ConnectionManager.swift */,
				B952F64520C18CAC008B1BE0 /* VirtualPlane.swift */,
				B952F64320C18876008B1BE0 /* SessionStates.swift */,
				B952F60A20C1486C008B1BE0 /* Main.storyboard */,
				B952F60D20C1486E008B1BE0 /* Assets.xcassets */,
				B952F60F20C1486E008B1BE0 /* LaunchScreen.storyboard */,
				B952F64220C18254008B1BE0 /* FocusSquare */,
				B952F63C20C17E89008B1BE0 /* Utilities.swift */,
				B952F61220C1486E008B1BE0 /* Info.plist */,
			);
			path = BulletTime;
			sourceTree = "<group>";
		};
		B952F61A20C1486E008B1BE0 /* BulletTimeTests */ = {
			isa = PBXGroup;
			children = (
				B952F61B20C1486E008B1BE0 /* BulletTimeTests.swift */,
				B952F61D20C1486E008B1BE0 /* Info.plist */,
			);
			path = BulletTimeTests;
			sourceTree = "<group>";
		};
		B952F62520C1486F008B1BE0 /* BulletTimeUITests */ = {
			isa = PBXGroup;
			children = (
				B952F62620C1486F008B1BE0 /* BulletTimeUITests.swift */,
				B952F62820C1486F008B1BE0 /* Info.plist */,
			);
			path = BulletTimeUITests;
			sourceTree = "<group>";
		};
		B952F64220C18254008B1BE0 /* FocusSquare */ = {
			isa = PBXGroup;
			children = (
				B952F63E20C181EB008B1BE0 /* FocusSquare.swift */,
				B952F64020C18237008B1BE0 /* FocusSquareSegment.swift */,
			);
			path = FocusSquare;
			sourceTree = "<group>";
		};
/* End PBXGroup section */

/* Begin PBXNativeTarget section */
		B952F60020C1486C008B1BE0 /* BulletTime */ = {
			isa = PBXNativeTarget;
			buildConfigurationList = B952F62B20C1486F008B1BE0 /* Build configuration list for PBXNativeTarget "BulletTime" */;
			buildPhases = (
				B952F5FD20C1486C008B1BE0 /* Sources */,
				B952F5FE20C1486C008B1BE0 /* Frameworks */,
				B952F5FF20C1486C008B1BE0 /* Resources */,
			);
			buildRules = (
			);
			dependencies = (
			);
			name = BulletTime;
			productName = BulletTime;
			productReference = B952F60120C1486C008B1BE0 /* BulletTime.app */;
			productType = "com.apple.product-type.application";
		};
		B952F61620C1486E008B1BE0 /* BulletTimeTests */ = {
			isa = PBXNativeTarget;
			buildConfigurationList = B952F62E20C1486F008B1BE0 /* Build configuration list for PBXNativeTarget "BulletTimeTests" */;
			buildPhases = (
				B952F61320C1486E008B1BE0 /* Sources */,
				B952F61420C1486E008B1BE0 /* Frameworks */,
				B952F61520C1486E008B1BE0 /* Resources */,
			);
			buildRules = (
			);
			dependencies = (
				B952F61920C1486E008B1BE0 /* PBXTargetDependency */,
			);
			name = BulletTimeTests;
			productName = BulletTimeTests;
			productReference = B952F61720C1486E008B1BE0 /* BulletTimeTests.xctest */;
			productType = "com.apple.product-type.bundle.unit-test";
		};
		B952F62120C1486F008B1BE0 /* BulletTimeUITests */ = {
			isa = PBXNativeTarget;
			buildConfigurationList = B952F63120C1486F008B1BE0 /* Build configuration list for PBXNativeTarget "BulletTimeUITests" */;
			buildPhases = (
				B952F61E20C1486F008B1BE0 /* Sources */,
				B952F61F20C1486F008B1BE0 /* Frameworks */,
				B952F62020C1486F008B1BE0 /* Resources */,
			);
			buildRules = (
			);
			dependencies = (
				B952F62420C1486F008B1BE0 /* PBXTargetDependency */,
			);
			name = BulletTimeUITests;
			productName = BulletTimeUITests;
			productReference = B952F62220C1486F008B1BE0 /* BulletTimeUITests.xctest */;
			productType = "com.apple.product-type.bundle.ui-testing";
		};
/* End PBXNativeTarget section */

/* Begin PBXProject section */
		B952F5F920C1486C008B1BE0 /* Project object */ = {
			isa = PBXProject;
			attributes = {
				LastSwiftUpdateCheck = 0940;
				LastUpgradeCheck = 0940;
				ORGANIZATIONNAME = "Dennis Muensterer";
				TargetAttributes = {
					B952F60020C1486C008B1BE0 = {
						CreatedOnToolsVersion = 9.4;
						LastSwiftMigration = 1000;
					};
					B952F61620C1486E008B1BE0 = {
						CreatedOnToolsVersion = 9.4;
						LastSwiftMigration = 1000;
						TestTargetID = B952F60020C1486C008B1BE0;
					};
					B952F62120C1486F008B1BE0 = {
						CreatedOnToolsVersion = 9.4;
						LastSwiftMigration = 1000;
						TestTargetID = B952F60020C1486C008B1BE0;
					};
				};
			};
			buildConfigurationList = B952F5FC20C1486C008B1BE0 /* Build configuration list for PBXProject "BulletTime" */;
			compatibilityVersion = "Xcode 9.3";
			developmentRegion = en;
			hasScannedForEncodings = 0;
			knownRegions = (
				en,
				Base,
			);
			mainGroup = B952F5F820C1486C008B1BE0;
			productRefGroup = B952F60220C1486C008B1BE0 /* Products */;
			projectDirPath = "";
			projectRoot = "";
			targets = (
				B952F60020C1486C008B1BE0 /* BulletTime */,
				B952F61620C1486E008B1BE0 /* BulletTimeTests */,
				B952F62120C1486F008B1BE0 /* BulletTimeUITests */,
			);
		};
/* End PBXProject section */

/* Begin PBXResourcesBuildPhase section */
		B952F5FF20C1486C008B1BE0 /* Resources */ = {
			isa = PBXResourcesBuildPhase;
			buildActionMask = 2147483647;
			files = (
				B952F61120C1486E008B1BE0 /* LaunchScreen.storyboard in Resources */,
				B952F60E20C1486E008B1BE0 /* Assets.xcassets in Resources */,
				B952F60C20C1486C008B1BE0 /* Main.storyboard in Resources */,
			);
			runOnlyForDeploymentPostprocessing = 0;
		};
		B952F61520C1486E008B1BE0 /* Resources */ = {
			isa = PBXResourcesBuildPhase;
			buildActionMask = 2147483647;
			files = (
			);
			runOnlyForDeploymentPostprocessing = 0;
		};
		B952F62020C1486F008B1BE0 /* Resources */ = {
			isa = PBXResourcesBuildPhase;
			buildActionMask = 2147483647;
			files = (
			);
			runOnlyForDeploymentPostprocessing = 0;
		};
/* End PBXResourcesBuildPhase section */

/* Begin PBXSourcesBuildPhase section */
		B952F5FD20C1486C008B1BE0 /* Sources */ = {
			isa = PBXSourcesBuildPhase;
			buildActionMask = 2147483647;
			files = (
				B952F63D20C17E89008B1BE0 /* Utilities.swift in Sources */,
				B952F63F20C181EB008B1BE0 /* FocusSquare.swift in Sources */,
				B952F64620C18CAC008B1BE0 /* VirtualPlane.swift in Sources */,
				B952F64420C18876008B1BE0 /* SessionStates.swift in Sources */,
				B952F60920C1486C008B1BE0 /* ViewController.swift in Sources */,
				B9335FA820C55B6900B67178 /* ConnectionManager.swift in Sources */,
				B952F60520C1486C008B1BE0 /* AppDelegate.swift in Sources */,
				B952F64120C18237008B1BE0 /* FocusSquareSegment.swift in Sources */,
			);
			runOnlyForDeploymentPostprocessing = 0;
		};
		B952F61320C1486E008B1BE0 /* Sources */ = {
			isa = PBXSourcesBuildPhase;
			buildActionMask = 2147483647;
			files = (
				B952F61C20C1486E008B1BE0 /* BulletTimeTests.swift in Sources */,
			);
			runOnlyForDeploymentPostprocessing = 0;
		};
		B952F61E20C1486F008B1BE0 /* Sources */ = {
			isa = PBXSourcesBuildPhase;
			buildActionMask = 2147483647;
			files = (
				B952F62720C1486F008B1BE0 /* BulletTimeUITests.swift in Sources */,
			);
			runOnlyForDeploymentPostprocessing = 0;
		};
/* End PBXSourcesBuildPhase section */

/* Begin PBXTargetDependency section */
		B952F61920C1486E008B1BE0 /* PBXTargetDependency */ = {
			isa = PBXTargetDependency;
			target = B952F60020C1486C008B1BE0 /* BulletTime */;
			targetProxy = B952F61820C1486E008B1BE0 /* PBXContainerItemProxy */;
		};
		B952F62420C1486F008B1BE0 /* PBXTargetDependency */ = {
			isa = PBXTargetDependency;
			target = B952F60020C1486C008B1BE0 /* BulletTime */;
			targetProxy = B952F62320C1486F008B1BE0 /* PBXContainerItemProxy */;
		};
/* End PBXTargetDependency section */

/* Begin PBXVariantGroup section */
		B952F60A20C1486C008B1BE0 /* Main.storyboard */ = {
			isa = PBXVariantGroup;
			children = (
				B952F60B20C1486C008B1BE0 /* Base */,
			);
			name = Main.storyboard;
			sourceTree = "<group>";
		};
		B952F60F20C1486E008B1BE0 /* LaunchScreen.storyboard */ = {
			isa = PBXVariantGroup;
			children = (
				B952F61020C1486E008B1BE0 /* Base */,
			);
			name = LaunchScreen.storyboard;
			sourceTree = "<group>";
		};
/* End PBXVariantGroup section */

/* Begin XCBuildConfiguration section */
		B952F62920C1486F008B1BE0 /* Debug */ = {
			isa = XCBuildConfiguration;
			buildSettings = {
				ALWAYS_SEARCH_USER_PATHS = NO;
				CLANG_ANALYZER_NONNULL = YES;
				CLANG_ANALYZER_NUMBER_OBJECT_CONVERSION = YES_AGGRESSIVE;
				CLANG_CXX_LANGUAGE_STANDARD = "gnu++14";
				CLANG_CXX_LIBRARY = "libc++";
				CLANG_ENABLE_MODULES = YES;
				CLANG_ENABLE_OBJC_ARC = YES;
				CLANG_ENABLE_OBJC_WEAK = YES;
				CLANG_WARN_BLOCK_CAPTURE_AUTORELEASING = YES;
				CLANG_WARN_BOOL_CONVERSION = YES;
				CLANG_WARN_COMMA = YES;
				CLANG_WARN_CONSTANT_CONVERSION = YES;
				CLANG_WARN_DEPRECATED_OBJC_IMPLEMENTATIONS = YES;
				CLANG_WARN_DIRECT_OBJC_ISA_USAGE = YES_ERROR;
				CLANG_WARN_DOCUMENTATION_COMMENTS = YES;
				CLANG_WARN_EMPTY_BODY = YES;
				CLANG_WARN_ENUM_CONVERSION = YES;
				CLANG_WARN_INFINITE_RECURSION = YES;
				CLANG_WARN_INT_CONVERSION = YES;
				CLANG_WARN_NON_LITERAL_NULL_CONVERSION = YES;
				CLANG_WARN_OBJC_IMPLICIT_RETAIN_SELF = YES;
				CLANG_WARN_OBJC_LITERAL_CONVERSION = YES;
				CLANG_WARN_OBJC_ROOT_CLASS = YES_ERROR;
				CLANG_WARN_RANGE_LOOP_ANALYSIS = YES;
				CLANG_WARN_STRICT_PROTOTYPES = YES;
				CLANG_WARN_SUSPICIOUS_MOVE = YES;
				CLANG_WARN_UNGUARDED_AVAILABILITY = YES_AGGRESSIVE;
				CLANG_WARN_UNREACHABLE_CODE = YES;
				CLANG_WARN__DUPLICATE_METHOD_MATCH = YES;
				CODE_SIGN_IDENTITY = "iPhone Developer";
				COPY_PHASE_STRIP = NO;
				DEBUG_INFORMATION_FORMAT = dwarf;
				ENABLE_STRICT_OBJC_MSGSEND = YES;
				ENABLE_TESTABILITY = YES;
				GCC_C_LANGUAGE_STANDARD = gnu11;
				GCC_DYNAMIC_NO_PIC = NO;
				GCC_NO_COMMON_BLOCKS = YES;
				GCC_OPTIMIZATION_LEVEL = 0;
				GCC_PREPROCESSOR_DEFINITIONS = (
					"DEBUG=1",
					"$(inherited)",
				);
				GCC_WARN_64_TO_32_BIT_CONVERSION = YES;
				GCC_WARN_ABOUT_RETURN_TYPE = YES_ERROR;
				GCC_WARN_UNDECLARED_SELECTOR = YES;
				GCC_WARN_UNINITIALIZED_AUTOS = YES_AGGRESSIVE;
				GCC_WARN_UNUSED_FUNCTION = YES;
				GCC_WARN_UNUSED_VARIABLE = YES;
				IPHONEOS_DEPLOYMENT_TARGET = 11.4;
				MTL_ENABLE_DEBUG_INFO = YES;
				ONLY_ACTIVE_ARCH = YES;
				SDKROOT = iphoneos;
				SWIFT_ACTIVE_COMPILATION_CONDITIONS = DEBUG;
				SWIFT_OPTIMIZATION_LEVEL = "-Onone";
			};
			name = Debug;
		};
		B952F62A20C1486F008B1BE0 /* Release */ = {
			isa = XCBuildConfiguration;
			buildSettings = {
				ALWAYS_SEARCH_USER_PATHS = NO;
				CLANG_ANALYZER_NONNULL = YES;
				CLANG_ANALYZER_NUMBER_OBJECT_CONVERSION = YES_AGGRESSIVE;
				CLANG_CXX_LANGUAGE_STANDARD = "gnu++14";
				CLANG_CXX_LIBRARY = "libc++";
				CLANG_ENABLE_MODULES = YES;
				CLANG_ENABLE_OBJC_ARC = YES;
				CLANG_ENABLE_OBJC_WEAK = YES;
				CLANG_WARN_BLOCK_CAPTURE_AUTORELEASING = YES;
				CLANG_WARN_BOOL_CONVERSION = YES;
				CLANG_WARN_COMMA = YES;
				CLANG_WARN_CONSTANT_CONVERSION = YES;
				CLANG_WARN_DEPRECATED_OBJC_IMPLEMENTATIONS = YES;
				CLANG_WARN_DIRECT_OBJC_ISA_USAGE = YES_ERROR;
				CLANG_WARN_DOCUMENTATION_COMMENTS = YES;
				CLANG_WARN_EMPTY_BODY = YES;
				CLANG_WARN_ENUM_CONVERSION = YES;
				CLANG_WARN_INFINITE_RECURSION = YES;
				CLANG_WARN_INT_CONVERSION = YES;
				CLANG_WARN_NON_LITERAL_NULL_CONVERSION = YES;
				CLANG_WARN_OBJC_IMPLICIT_RETAIN_SELF = YES;
				CLANG_WARN_OBJC_LITERAL_CONVERSION = YES;
				CLANG_WARN_OBJC_ROOT_CLASS = YES_ERROR;
				CLANG_WARN_RANGE_LOOP_ANALYSIS = YES;
				CLANG_WARN_STRICT_PROTOTYPES = YES;
				CLANG_WARN_SUSPICIOUS_MOVE = YES;
				CLANG_WARN_UNGUARDED_AVAILABILITY = YES_AGGRESSIVE;
				CLANG_WARN_UNREACHABLE_CODE = YES;
				CLANG_WARN__DUPLICATE_METHOD_MATCH = YES;
				CODE_SIGN_IDENTITY = "iPhone Developer";
				COPY_PHASE_STRIP = NO;
				DEBUG_INFORMATION_FORMAT = "dwarf-with-dsym";
				ENABLE_NS_ASSERTIONS = NO;
				ENABLE_STRICT_OBJC_MSGSEND = YES;
				GCC_C_LANGUAGE_STANDARD = gnu11;
				GCC_NO_COMMON_BLOCKS = YES;
				GCC_WARN_64_TO_32_BIT_CONVERSION = YES;
				GCC_WARN_ABOUT_RETURN_TYPE = YES_ERROR;
				GCC_WARN_UNDECLARED_SELECTOR = YES;
				GCC_WARN_UNINITIALIZED_AUTOS = YES_AGGRESSIVE;
				GCC_WARN_UNUSED_FUNCTION = YES;
				GCC_WARN_UNUSED_VARIABLE = YES;
				IPHONEOS_DEPLOYMENT_TARGET = 11.4;
				MTL_ENABLE_DEBUG_INFO = NO;
				SDKROOT = iphoneos;
				SWIFT_COMPILATION_MODE = wholemodule;
				SWIFT_OPTIMIZATION_LEVEL = "-O";
				VALIDATE_PRODUCT = YES;
			};
			name = Release;
		};
		B952F62C20C1486F008B1BE0 /* Debug */ = {
			isa = XCBuildConfiguration;
			buildSettings = {
				ASSETCATALOG_COMPILER_APPICON_NAME = AppIcon;
				CODE_SIGN_STYLE = Automatic;
				DEVELOPMENT_TEAM = CSKA8928CG;
				INFOPLIST_FILE = BulletTime/Info.plist;
				LD_RUNPATH_SEARCH_PATHS = (
					"$(inherited)",
					"@executable_path/Frameworks",
				);
				PRODUCT_BUNDLE_IDENTIFIER = com.muensterer.BulletTime;
				PRODUCT_NAME = "$(TARGET_NAME)";
				SWIFT_VERSION = 4.2;
				TARGETED_DEVICE_FAMILY = "1,2";
			};
			name = Debug;
		};
		B952F62D20C1486F008B1BE0 /* Release */ = {
			isa = XCBuildConfiguration;
			buildSettings = {
				ASSETCATALOG_COMPILER_APPICON_NAME = AppIcon;
				CODE_SIGN_STYLE = Automatic;
				DEVELOPMENT_TEAM = CSKA8928CG;
				INFOPLIST_FILE = BulletTime/Info.plist;
				LD_RUNPATH_SEARCH_PATHS = (
					"$(inherited)",
					"@executable_path/Frameworks",
				);
				PRODUCT_BUNDLE_IDENTIFIER = com.muensterer.BulletTime;
				PRODUCT_NAME = "$(TARGET_NAME)";
				SWIFT_VERSION = 4.2;
				TARGETED_DEVICE_FAMILY = "1,2";
			};
			name = Release;
		};
		B952F62F20C1486F008B1BE0 /* Debug */ = {
			isa = XCBuildConfiguration;
			buildSettings = {
				ALWAYS_EMBED_SWIFT_STANDARD_LIBRARIES = YES;
				BUNDLE_LOADER = "$(TEST_HOST)";
				CODE_SIGN_STYLE = Automatic;
				DEVELOPMENT_TEAM = CSKA8928CG;
				INFOPLIST_FILE = BulletTimeTests/Info.plist;
				LD_RUNPATH_SEARCH_PATHS = (
					"$(inherited)",
					"@executable_path/Frameworks",
					"@loader_path/Frameworks",
				);
				PRODUCT_BUNDLE_IDENTIFIER = com.muensterer.BulletTimeTests;
				PRODUCT_NAME = "$(TARGET_NAME)";
				SWIFT_VERSION = 4.2;
				TARGETED_DEVICE_FAMILY = "1,2";
				TEST_HOST = "$(BUILT_PRODUCTS_DIR)/BulletTime.app/BulletTime";
			};
			name = Debug;
		};
		B952F63020C1486F008B1BE0 /* Release */ = {
			isa = XCBuildConfiguration;
			buildSettings = {
				ALWAYS_EMBED_SWIFT_STANDARD_LIBRARIES = YES;
				BUNDLE_LOADER = "$(TEST_HOST)";
				CODE_SIGN_STYLE = Automatic;
				DEVELOPMENT_TEAM = CSKA8928CG;
				INFOPLIST_FILE = BulletTimeTests/Info.plist;
				LD_RUNPATH_SEARCH_PATHS = (
					"$(inherited)",
					"@executable_path/Frameworks",
					"@loader_path/Frameworks",
				);
				PRODUCT_BUNDLE_IDENTIFIER = com.muensterer.BulletTimeTests;
				PRODUCT_NAME = "$(TARGET_NAME)";
				SWIFT_VERSION = 4.2;
				TARGETED_DEVICE_FAMILY = "1,2";
				TEST_HOST = "$(BUILT_PRODUCTS_DIR)/BulletTime.app/BulletTime";
			};
			name = Release;
		};
		B952F63220C1486F008B1BE0 /* Debug */ = {
			isa = XCBuildConfiguration;
			buildSettings = {
				ALWAYS_EMBED_SWIFT_STANDARD_LIBRARIES = YES;
				CODE_SIGN_STYLE = Automatic;
				DEVELOPMENT_TEAM = CSKA8928CG;
				INFOPLIST_FILE = BulletTimeUITests/Info.plist;
				LD_RUNPATH_SEARCH_PATHS = (
					"$(inherited)",
					"@executable_path/Frameworks",
					"@loader_path/Frameworks",
				);
				PRODUCT_BUNDLE_IDENTIFIER = com.muensterer.BulletTimeUITests;
				PRODUCT_NAME = "$(TARGET_NAME)";
				SWIFT_VERSION = 4.2;
				TARGETED_DEVICE_FAMILY = "1,2";
				TEST_TARGET_NAME = BulletTime;
			};
			name = Debug;
		};
		B952F63320C1486F008B1BE0 /* Release */ = {
			isa = XCBuildConfiguration;
			buildSettings = {
				ALWAYS_EMBED_SWIFT_STANDARD_LIBRARIES = YES;
				CODE_SIGN_STYLE = Automatic;
				DEVELOPMENT_TEAM = CSKA8928CG;
				INFOPLIST_FILE = BulletTimeUITests/Info.plist;
				LD_RUNPATH_SEARCH_PATHS = (
					"$(inherited)",
					"@executable_path/Frameworks",
					"@loader_path/Frameworks",
				);
				PRODUCT_BUNDLE_IDENTIFIER = com.muensterer.BulletTimeUITests;
				PRODUCT_NAME = "$(TARGET_NAME)";
				SWIFT_VERSION = 4.2;
				TARGETED_DEVICE_FAMILY = "1,2";
				TEST_TARGET_NAME = BulletTime;
			};
			name = Release;
		};
/* End XCBuildConfiguration section */

/* Begin XCConfigurationList section */
		B952F5FC20C1486C008B1BE0 /* Build configuration list for PBXProject "BulletTime" */ = {
			isa = XCConfigurationList;
			buildConfigurations = (
				B952F62920C1486F008B1BE0 /* Debug */,
				B952F62A20C1486F008B1BE0 /* Release */,
			);
			defaultConfigurationIsVisible = 0;
			defaultConfigurationName = Release;
		};
		B952F62B20C1486F008B1BE0 /* Build configuration list for PBXNativeTarget "BulletTime" */ = {
			isa = XCConfigurationList;
			buildConfigurations = (
				B952F62C20C1486F008B1BE0 /* Debug */,
				B952F62D20C1486F008B1BE0 /* Release */,
			);
			defaultConfigurationIsVisible = 0;
			defaultConfigurationName = Release;
		};
		B952F62E20C1486F008B1BE0 /* Build configuration list for PBXNativeTarget "BulletTimeTests" */ = {
			isa = XCConfigurationList;
			buildConfigurations = (
				B952F62F20C1486F008B1BE0 /* Debug */,
				B952F63020C1486F008B1BE0 /* Release */,
			);
			defaultConfigurationIsVisible = 0;
			defaultConfigurationName = Release;
		};
		B952F63120C1486F008B1BE0 /* Build configuration list for PBXNativeTarget "BulletTimeUITests" */ = {
			isa = XCConfigurationList;
			buildConfigurations = (
				B952F63220C1486F008B1BE0 /* Debug */,
				B952F63320C1486F008B1BE0 /* Release */,
			);
			defaultConfigurationIsVisible = 0;
			defaultConfigurationName = Release;
		};
/* End XCConfigurationList section */
	};
	rootObject = B952F5F920C1486C008B1BE0 /* Project object */;
}
